
Microsoft Visual Studio Solution File, Format Version 12.00
# Visual Studio 14
VisualStudioVersion = 14.0.25420.1
MinimumVisualStudioVersion = 10.0.40219.1
Project("{8BC9CEB8-8B4A-11D0-8D11-00A0C91BC942}") = "AppInstaller", "AppInstaller\AppInstaller.vcxproj", "{D417C165-3F17-40C4-8C7B-0F5AACEF62C5}"
	ProjectSection(ProjectDependencies) = postProject
		{B897969C-6EA9-4DFC-B7E0-94F1C6D94856} = {B897969C-6EA9-4DFC-B7E0-94F1C6D94856}
	EndProjectSection
EndProject
Project("{8BC9CEB8-8B4A-11D0-8D11-00A0C91BC942}") = "AppLauncher", "AppLauncher\AppLauncher.vcxproj", "{285130BC-CBF1-4C7A-A28D-6F5EE6C68384}"
EndProject
Project("{8BC9CEB8-8B4A-11D0-8D11-00A0C91BC942}") = "PackageManager", "PackageManagerAdd\AddPackageSample.vcxproj", "{59131AB7-2A7D-9A09-8223-174C3F5E0F57}"
EndProject
Project("{8BC9CEB8-8B4A-11D0-8D11-00A0C91BC942}") = "Base64Img", "Base64Img\Base64Img.vcxproj", "{911EDC63-DB20-4D61-9420-583A1C35427F}"
EndProject
Project("{8BC9CEB8-8B4A-11D0-8D11-00A0C91BC942}") = "ToastNotification", "ToastNotification\ToastNotification.vcxproj", "{E10C6272-B876-4DC6-9E13-7CA646863B50}"
EndProject
Project("{8BC9CEB8-8B4A-11D0-8D11-00A0C91BC942}") = "PriReader2", "PriReader2\PriReader2.vcxproj", "{B897969C-6EA9-4DFC-B7E0-94F1C6D94856}"
EndProject
Project("{8BC9CEB8-8B4A-11D0-8D11-00A0C91BC942}") = "CertificateManager", "CertificateManager\CertificateManager.vcxproj", "{22702832-C3FD-48E5-BC7D-3879CA50A2ED}"
EndProject
Global
	GlobalSection(SolutionConfigurationPlatforms) = preSolution
		Debug|Any CPU = Debug|Any CPU
		Debug|ARM = Debug|ARM
		Debug|Win32 = Debug|Win32
		Debug|x64 = Debug|x64
		Debug|x86 = Debug|x86
		Release|Any CPU = Release|Any CPU
		Release|ARM = Release|ARM
		Release|Win32 = Release|Win32
		Release|x64 = Release|x64
		Release|x86 = Release|x86
	EndGlobalSection
	GlobalSection(ProjectConfigurationPlatforms) = postSolution
		{D417C165-3F17-40C4-8C7B-0F5AACEF62C5}.Debug|Any CPU.ActiveCfg = Debug|Win32
		{D417C165-3F17-40C4-8C7B-0F5AACEF62C5}.Debug|Any CPU.Build.0 = Debug|Win32
		{D417C165-3F17-40C4-8C7B-0F5AACEF62C5}.Debug|ARM.ActiveCfg = Debug|ARM
		{D417C165-3F17-40C4-8C7B-0F5AACEF62C5}.Debug|ARM.Build.0 = Debug|ARM
		{D417C165-3F17-40C4-8C7B-0F5AACEF62C5}.Debug|Win32.ActiveCfg = Debug|Win32
		{D417C165-3F17-40C4-8C7B-0F5AACEF62C5}.Debug|Win32.Build.0 = Debug|Win32
		{D417C165-3F17-40C4-8C7B-0F5AACEF62C5}.Debug|x64.ActiveCfg = Debug|x64
		{D417C165-3F17-40C4-8C7B-0F5AACEF62C5}.Debug|x64.Build.0 = Debug|x64
		{D417C165-3F17-40C4-8C7B-0F5AACEF62C5}.Debug|x86.ActiveCfg = Debug|Win32
		{D417C165-3F17-40C4-8C7B-0F5AACEF62C5}.Debug|x86.Build.0 = Debug|Win32
		{D417C165-3F17-40C4-8C7B-0F5AACEF62C5}.Release|Any CPU.ActiveCfg = Release|Win32
		{D417C165-3F17-40C4-8C7B-0F5AACEF62C5}.Release|Any CPU.Build.0 = Release|Win32
		{D417C165-3F17-40C4-8C7B-0F5AACEF62C5}.Release|ARM.ActiveCfg = Release|ARM
		{D417C165-3F17-40C4-8C7B-0F5AACEF62C5}.Release|ARM.Build.0 = Release|ARM
		{D417C165-3F17-40C4-8C7B-0F5AACEF62C5}.Release|Win32.ActiveCfg = Release|Win32
		{D417C165-3F17-40C4-8C7B-0F5AACEF62C5}.Release|Win32.Build.0 = Release|Win32
		{D417C165-3F17-40C4-8C7B-0F5AACEF62C5}.Release|x64.ActiveCfg = Release|x64
		{D417C165-3F17-40C4-8C7B-0F5AACEF62C5}.Release|x64.Build.0 = Release|x64
		{D417C165-3F17-40C4-8C7B-0F5AACEF62C5}.Release|x86.ActiveCfg = Release|Win32
		{D417C165-3F17-40C4-8C7B-0F5AACEF62C5}.Release|x86.Build.0 = Release|Win32
		{285130BC-CBF1-4C7A-A28D-6F5EE6C68384}.Debug|Any CPU.ActiveCfg = Debug|Win32
		{285130BC-CBF1-4C7A-A28D-6F5EE6C68384}.Debug|Any CPU.Build.0 = Debug|Win32
		{285130BC-CBF1-4C7A-A28D-6F5EE6C68384}.Debug|ARM.ActiveCfg = Debug|ARM
		{285130BC-CBF1-4C7A-A28D-6F5EE6C68384}.Debug|ARM.Build.0 = Debug|ARM
		{285130BC-CBF1-4C7A-A28D-6F5EE6C68384}.Debug|Win32.ActiveCfg = Debug|Win32
		{285130BC-CBF1-4C7A-A28D-6F5EE6C68384}.Debug|Win32.Build.0 = Debug|Win32
		{285130BC-CBF1-4C7A-A28D-6F5EE6C68384}.Debug|x64.ActiveCfg = Debug|x64
		{285130BC-CBF1-4C7A-A28D-6F5EE6C68384}.Debug|x64.Build.0 = Debug|x64
		{285130BC-CBF1-4C7A-A28D-6F5EE6C68384}.Debug|x86.ActiveCfg = Debug|Win32
		{285130BC-CBF1-4C7A-A28D-6F5EE6C68384}.Debug|x86.Build.0 = Debug|Win32
		{285130BC-CBF1-4C7A-A28D-6F5EE6C68384}.Release|Any CPU.ActiveCfg = Release|Win32
		{285130BC-CBF1-4C7A-A28D-6F5EE6C68384}.Release|Any CPU.Build.0 = Release|Win32
		{285130BC-CBF1-4C7A-A28D-6F5EE6C68384}.Release|ARM.ActiveCfg = Release|ARM
		{285130BC-CBF1-4C7A-A28D-6F5EE6C68384}.Release|ARM.Build.0 = Release|ARM
		{285130BC-CBF1-4C7A-A28D-6F5EE6C68384}.Release|Win32.ActiveCfg = Release|Win32
		{285130BC-CBF1-4C7A-A28D-6F5EE6C68384}.Release|Win32.Build.0 = Release|Win32
		{285130BC-CBF1-4C7A-A28D-6F5EE6C68384}.Release|x64.ActiveCfg = Release|x64
		{285130BC-CBF1-4C7A-A28D-6F5EE6C68384}.Release|x64.Build.0 = Release|x64
		{285130BC-CBF1-4C7A-A28D-6F5EE6C68384}.Release|x86.ActiveCfg = Release|Win32
		{285130BC-CBF1-4C7A-A28D-6F5EE6C68384}.Release|x86.Build.0 = Release|Win32
		{59131AB7-2A7D-9A09-8223-174C3F5E0F57}.Debug|Any CPU.ActiveCfg = Debug|Win32
		{59131AB7-2A7D-9A09-8223-174C3F5E0F57}.Debug|Any CPU.Build.0 = Debug|Win32
		{59131AB7-2A7D-9A09-8223-174C3F5E0F57}.Debug|ARM.ActiveCfg = Debug|ARM
		{59131AB7-2A7D-9A09-8223-174C3F5E0F57}.Debug|ARM.Build.0 = Debug|ARM
		{59131AB7-2A7D-9A09-8223-174C3F5E0F57}.Debug|Win32.ActiveCfg = Debug|Win32
		{59131AB7-2A7D-9A09-8223-174C3F5E0F57}.Debug|Win32.Build.0 = Debug|Win32
		{59131AB7-2A7D-9A09-8223-174C3F5E0F57}.Debug|x64.ActiveCfg = Debug|Win32
		{59131AB7-2A7D-9A09-8223-174C3F5E0F57}.Debug|x86.ActiveCfg = Debug|Win32
		{59131AB7-2A7D-9A09-8223-174C3F5E0F57}.Debug|x86.Build.0 = Debug|Win32
		{59131AB7-2A7D-9A09-8223-174C3F5E0F57}.Release|Any CPU.ActiveCfg = Release|Win32
		{59131AB7-2A7D-9A09-8223-174C3F5E0F57}.Release|Any CPU.Build.0 = Release|Win32
		{59131AB7-2A7D-9A09-8223-174C3F5E0F57}.Release|ARM.ActiveCfg = Release|ARM
		{59131AB7-2A7D-9A09-8223-174C3F5E0F57}.Release|ARM.Build.0 = Release|ARM
		{59131AB7-2A7D-9A09-8223-174C3F5E0F57}.Release|Win32.ActiveCfg = Release|Win32
		{59131AB7-2A7D-9A09-8223-174C3F5E0F57}.Release|Win32.Build.0 = Release|Win32
		{59131AB7-2A7D-9A09-8223-174C3F5E0F57}.Release|x64.ActiveCfg = Release|Win32
		{59131AB7-2A7D-9A09-8223-174C3F5E0F57}.Release|x64.Build.0 = Release|Win32
		{59131AB7-2A7D-9A09-8223-174C3F5E0F57}.Release|x86.ActiveCfg = Release|Win32
		{59131AB7-2A7D-9A09-8223-174C3F5E0F57}.Release|x86.Build.0 = Release|Win32
		{911EDC63-DB20-4D61-9420-583A1C35427F}.Debug|Any CPU.ActiveCfg = Debug|Win32
		{911EDC63-DB20-4D61-9420-583A1C35427F}.Debug|Any CPU.Build.0 = Debug|Win32
		{911EDC63-DB20-4D61-9420-583A1C35427F}.Debug|ARM.ActiveCfg = Debug|ARM
		{911EDC63-DB20-4D61-9420-583A1C35427F}.Debug|ARM.Build.0 = Debug|ARM
		{911EDC63-DB20-4D61-9420-583A1C35427F}.Debug|Win32.ActiveCfg = Debug|Win32
		{911EDC63-DB20-4D61-9420-583A1C35427F}.Debug|Win32.Build.0 = Debug|Win32
		{911EDC63-DB20-4D61-9420-583A1C35427F}.Debug|x64.ActiveCfg = Debug|x64
		{911EDC63-DB20-4D61-9420-583A1C35427F}.Debug|x64.Build.0 = Debug|x64
		{911EDC63-DB20-4D61-9420-583A1C35427F}.Debug|x86.ActiveCfg = Debug|Win32
		{911EDC63-DB20-4D61-9420-583A1C35427F}.Debug|x86.Build.0 = Debug|Win32
		{911EDC63-DB20-4D61-9420-583A1C35427F}.Release|Any CPU.ActiveCfg = Release|Win32
		{911EDC63-DB20-4D61-9420-583A1C35427F}.Release|Any CPU.Build.0 = Release|Win32
		{911EDC63-DB20-4D61-9420-583A1C35427F}.Release|ARM.ActiveCfg = Release|ARM
		{911EDC63-DB20-4D61-9420-583A1C35427F}.Release|ARM.Build.0 = Release|ARM
		{911EDC63-DB20-4D61-9420-583A1C35427F}.Release|Win32.ActiveCfg = Release|Win32
		{911EDC63-DB20-4D61-9420-583A1C35427F}.Release|Win32.Build.0 = Release|Win32
		{911EDC63-DB20-4D61-9420-583A1C35427F}.Release|x64.ActiveCfg = Release|x64
		{911EDC63-DB20-4D61-9420-583A1C35427F}.Release|x64.Build.0 = Release|x64
		{911EDC63-DB20-4D61-9420-583A1C35427F}.Release|x86.ActiveCfg = Release|Win32
		{911EDC63-DB20-4D61-9420-583A1C35427F}.Release|x86.Build.0 = Release|Win32
		{E10C6272-B876-4DC6-9E13-7CA646863B50}.Debug|Any CPU.ActiveCfg = Debug|Win32
		{E10C6272-B876-4DC6-9E13-7CA646863B50}.Debug|Any CPU.Build.0 = Debug|Win32
		{E10C6272-B876-4DC6-9E13-7CA646863B50}.Debug|ARM.ActiveCfg = Debug|ARM
		{E10C6272-B876-4DC6-9E13-7CA646863B50}.Debug|ARM.Build.0 = Debug|ARM
		{E10C6272-B876-4DC6-9E13-7CA646863B50}.Debug|Win32.ActiveCfg = Debug|Win32
		{E10C6272-B876-4DC6-9E13-7CA646863B50}.Debug|Win32.Build.0 = Debug|Win32
		{E10C6272-B876-4DC6-9E13-7CA646863B50}.Debug|x64.ActiveCfg = Debug|Win32
		{E10C6272-B876-4DC6-9E13-7CA646863B50}.Debug|x86.ActiveCfg = Debug|Win32
		{E10C6272-B876-4DC6-9E13-7CA646863B50}.Debug|x86.Build.0 = Debug|Win32
		{E10C6272-B876-4DC6-9E13-7CA646863B50}.Release|Any CPU.ActiveCfg = Release|Win32
		{E10C6272-B876-4DC6-9E13-7CA646863B50}.Release|Any CPU.Build.0 = Release|Win32
		{E10C6272-B876-4DC6-9E13-7CA646863B50}.Release|ARM.ActiveCfg = Release|ARM
		{E10C6272-B876-4DC6-9E13-7CA646863B50}.Release|ARM.Build.0 = Release|ARM
		{E10C6272-B876-4DC6-9E13-7CA646863B50}.Release|Win32.ActiveCfg = Release|Win32
		{E10C6272-B876-4DC6-9E13-7CA646863B50}.Release|Win32.Build.0 = Release|Win32
		{E10C6272-B876-4DC6-9E13-7CA646863B50}.Release|x64.ActiveCfg = Release|Win32
		{E10C6272-B876-4DC6-9E13-7CA646863B50}.Release|x64.Build.0 = Release|Win32
		{E10C6272-B876-4DC6-9E13-7CA646863B50}.Release|x86.ActiveCfg = Release|Win32
		{E10C6272-B876-4DC6-9E13-7CA646863B50}.Release|x86.Build.0 = Release|Win32
		{B897969C-6EA9-4DFC-B7E0-94F1C6D94856}.Debug|Any CPU.ActiveCfg = Debug|Win32
		{B897969C-6EA9-4DFC-B7E0-94F1C6D94856}.Debug|Any CPU.Build.0 = Debug|Win32
		{B897969C-6EA9-4DFC-B7E0-94F1C6D94856}.Debug|ARM.ActiveCfg = Debug|ARM
		{B897969C-6EA9-4DFC-B7E0-94F1C6D94856}.Debug|ARM.Build.0 = Debug|ARM
		{B897969C-6EA9-4DFC-B7E0-94F1C6D94856}.Debug|Win32.ActiveCfg = Debug|Win32
		{B897969C-6EA9-4DFC-B7E0-94F1C6D94856}.Debug|Win32.Build.0 = Debug|Win32
		{B897969C-6EA9-4DFC-B7E0-94F1C6D94856}.Debug|x64.ActiveCfg = Debug|x64
		{B897969C-6EA9-4DFC-B7E0-94F1C6D94856}.Debug|x64.Build.0 = Debug|x64
		{B897969C-6EA9-4DFC-B7E0-94F1C6D94856}.Debug|x86.ActiveCfg = Debug|Win32
		{B897969C-6EA9-4DFC-B7E0-94F1C6D94856}.Debug|x86.Build.0 = Debug|Win32
		{B897969C-6EA9-4DFC-B7E0-94F1C6D94856}.Release|Any CPU.ActiveCfg = Release|Win32
		{B897969C-6EA9-4DFC-B7E0-94F1C6D94856}.Release|Any CPU.Build.0 = Release|Win32
		{B897969C-6EA9-4DFC-B7E0-94F1C6D94856}.Release|ARM.ActiveCfg = Release|ARM
		{B897969C-6EA9-4DFC-B7E0-94F1C6D94856}.Release|ARM.Build.0 = Release|ARM
		{B897969C-6EA9-4DFC-B7E0-94F1C6D94856}.Release|Win32.ActiveCfg = Release|Win32
		{B897969C-6EA9-4DFC-B7E0-94F1C6D94856}.Release|Win32.Build.0 = Release|Win32
		{B897969C-6EA9-4DFC-B7E0-94F1C6D94856}.Release|x64.ActiveCfg = Release|x64
		{B897969C-6EA9-4DFC-B7E0-94F1C6D94856}.Release|x64.Build.0 = Release|x64
		{B897969C-6EA9-4DFC-B7E0-94F1C6D94856}.Release|x86.ActiveCfg = Release|Win32
		{B897969C-6EA9-4DFC-B7E0-94F1C6D94856}.Release|x86.Build.0 = Release|Win32
		{22702832-C3FD-48E5-BC7D-3879CA50A2ED}.Debug|Any CPU.ActiveCfg = Debug|Win32
		{22702832-C3FD-48E5-BC7D-3879CA50A2ED}.Debug|Any CPU.Build.0 = Debug|Win32
		{22702832-C3FD-48E5-BC7D-3879CA50A2ED}.Debug|ARM.ActiveCfg = Debug|ARM
		{22702832-C3FD-48E5-BC7D-3879CA50A2ED}.Debug|ARM.Build.0 = Debug|ARM
		{22702832-C3FD-48E5-BC7D-3879CA50A2ED}.Debug|Win32.ActiveCfg = Debug|Win32
		{22702832-C3FD-48E5-BC7D-3879CA50A2ED}.Debug|Win32.Build.0 = Debug|Win32
		{22702832-C3FD-48E5-BC7D-3879CA50A2ED}.Debug|x64.ActiveCfg = Debug|x64
		{22702832-C3FD-48E5-BC7D-3879CA50A2ED}.Debug|x64.Build.0 = Debug|x64
		{22702832-C3FD-48E5-BC7D-3879CA50A2ED}.Debug|x86.ActiveCfg = Debug|Win32
		{22702832-C3FD-48E5-BC7D-3879CA50A2ED}.Debug|x86.Build.0 = Debug|Win32
		{22702832-C3FD-48E5-BC7D-3879CA50A2ED}.Release|Any CPU.ActiveCfg = Release|Win32
		{22702832-C3FD-48E5-BC7D-3879CA50A2ED}.Release|Any CPU.Build.0 = Release|Win32
		{22702832-C3FD-48E5-BC7D-3879CA50A2ED}.Release|ARM.ActiveCfg = Release|ARM
		{22702832-C3FD-48E5-BC7D-3879CA50A2ED}.Release|ARM.Build.0 = Release|ARM
		{22702832-C3FD-48E5-BC7D-3879CA50A2ED}.Release|Win32.ActiveCfg = Release|Win32
		{22702832-C3FD-48E5-BC7D-3879CA50A2ED}.Release|Win32.Build.0 = Release|Win32
		{22702832-C3FD-48E5-BC7D-3879CA50A2ED}.Release|x64.ActiveCfg = Release|x64
		{22702832-C3FD-48E5-BC7D-3879CA50A2ED}.Release|x64.Build.0 = Release|x64
		{22702832-C3FD-48E5-BC7D-3879CA50A2ED}.Release|x86.ActiveCfg = Release|Win32
		{22702832-C3FD-48E5-BC7D-3879CA50A2ED}.Release|x86.Build.0 = Release|Win32
	EndGlobalSection
	GlobalSection(SolutionProperties) = preSolution
		HideSolutionNode = FALSE
	EndGlobalSection
EndGlobal
